
Microsoft Visual Studio Solution File, Format Version 12.00
# Visual Studio 14
VisualStudioVersion = 14.0.25420.1
MinimumVisualStudioVersion = 10.0.40219.1
Project("{FAE04EC0-301F-11D3-BF4B-00C04F79EFBC}") = "CHeaderParser.Parser", "CHeaderParser.Parser\CHeaderParser.Parser.csproj", "{59F2C5E6-A652-4F49-9092-B0084CCB7FC5}"
	ProjectSection(ProjectDependencies) = postProject
		{B4E49723-AE95-4795-BC8C-585560F8540F} = {B4E49723-AE95-4795-BC8C-585560F8540F}
		{6367D8E2-FC55-4F3D-BE0A-5A45FCFF82D6} = {6367D8E2-FC55-4F3D-BE0A-5A45FCFF82D6}
		{9E146EEE-AD0A-4DD9-AB34-A953CB5BB71C} = {9E146EEE-AD0A-4DD9-AB34-A953CB5BB71C}
	EndProjectSection
EndProject
Project("{FAE04EC0-301F-11D3-BF4B-00C04F79EFBC}") = "CHeaderParser.Extractor", "CHeaderParser.Extractor\CHeaderParser.Extractor.csproj", "{A865C9D6-4607-4B74-8528-68FA3D5EA06A}"
	ProjectSection(ProjectDependencies) = postProject
		{B4E49723-AE95-4795-BC8C-585560F8540F} = {B4E49723-AE95-4795-BC8C-585560F8540F}
		{6367D8E2-FC55-4F3D-BE0A-5A45FCFF82D6} = {6367D8E2-FC55-4F3D-BE0A-5A45FCFF82D6}
		{9E146EEE-AD0A-4DD9-AB34-A953CB5BB71C} = {9E146EEE-AD0A-4DD9-AB34-A953CB5BB71C}
	EndProjectSection
EndProject
Project("{FAE04EC0-301F-11D3-BF4B-00C04F79EFBC}") = "CHeaderParser.Data", "CHeaderParser.Data\CHeaderParser.Data.csproj", "{6367D8E2-FC55-4F3D-BE0A-5A45FCFF82D6}"
	ProjectSection(ProjectDependencies) = postProject
		{B4E49723-AE95-4795-BC8C-585560F8540F} = {B4E49723-AE95-4795-BC8C-585560F8540F}
	EndProjectSection
EndProject
Project("{FAE04EC0-301F-11D3-BF4B-00C04F79EFBC}") = "CHeaderParser.UI", "CHeaderParser.UI\CHeaderParser.UI.csproj", "{F23F9234-3E8A-4BC4-AE0D-2FA80F7A4170}"
	ProjectSection(ProjectDependencies) = postProject
		{B4E49723-AE95-4795-BC8C-585560F8540F} = {B4E49723-AE95-4795-BC8C-585560F8540F}
		{A865C9D6-4607-4B74-8528-68FA3D5EA06A} = {A865C9D6-4607-4B74-8528-68FA3D5EA06A}
		{6367D8E2-FC55-4F3D-BE0A-5A45FCFF82D6} = {6367D8E2-FC55-4F3D-BE0A-5A45FCFF82D6}
		{59F2C5E6-A652-4F49-9092-B0084CCB7FC5} = {59F2C5E6-A652-4F49-9092-B0084CCB7FC5}
		{9E146EEE-AD0A-4DD9-AB34-A953CB5BB71C} = {9E146EEE-AD0A-4DD9-AB34-A953CB5BB71C}
	EndProjectSection
EndProject
Project("{FAE04EC0-301F-11D3-BF4B-00C04F79EFBC}") = "CHeaderParser.Utils", "CHeaderParser.Utils\CHeaderParser.Utils.csproj", "{9E146EEE-AD0A-4DD9-AB34-A953CB5BB71C}"
	ProjectSection(ProjectDependencies) = postProject
		{B4E49723-AE95-4795-BC8C-585560F8540F} = {B4E49723-AE95-4795-BC8C-585560F8540F}
		{6367D8E2-FC55-4F3D-BE0A-5A45FCFF82D6} = {6367D8E2-FC55-4F3D-BE0A-5A45FCFF82D6}
	EndProjectSection
EndProject
Project("{FAE04EC0-301F-11D3-BF4B-00C04F79EFBC}") = "CHeaderParser.Global", "CHeaderParser.Global\CHeaderParser.Global.csproj", "{B4E49723-AE95-4795-BC8C-585560F8540F}"
EndProject
Project("{FAE04EC0-301F-11D3-BF4B-00C04F79EFBC}") = "CHeaderParser.Web", "CHeaderParser.Web\CHeaderParser.Web.csproj", "{7AFF93B1-9D96-47E1-A9C1-982A0F237062}"
EndProject
Global
	GlobalSection(SolutionConfigurationPlatforms) = preSolution
		Debug|Any CPU = Debug|Any CPU
		Release|Any CPU = Release|Any CPU
	EndGlobalSection
	GlobalSection(ProjectConfigurationPlatforms) = postSolution
		{59F2C5E6-A652-4F49-9092-B0084CCB7FC5}.Debug|Any CPU.ActiveCfg = Debug|Any CPU
		{59F2C5E6-A652-4F49-9092-B0084CCB7FC5}.Debug|Any CPU.Build.0 = Debug|Any CPU
		{59F2C5E6-A652-4F49-9092-B0084CCB7FC5}.Release|Any CPU.ActiveCfg = Release|Any CPU
		{59F2C5E6-A652-4F49-9092-B0084CCB7FC5}.Release|Any CPU.Build.0 = Release|Any CPU
		{A865C9D6-4607-4B74-8528-68FA3D5EA06A}.Debug|Any CPU.ActiveCfg = Debug|Any CPU
		{A865C9D6-4607-4B74-8528-68FA3D5EA06A}.Debug|Any CPU.Build.0 = Debug|Any CPU
		{A865C9D6-4607-4B74-8528-68FA3D5EA06A}.Release|Any CPU.ActiveCfg = Release|Any CPU
		{A865C9D6-4607-4B74-8528-68FA3D5EA06A}.Release|Any CPU.Build.0 = Release|Any CPU
		{6367D8E2-FC55-4F3D-BE0A-5A45FCFF82D6}.Debug|Any CPU.ActiveCfg = Debug|Any CPU
		{6367D8E2-FC55-4F3D-BE0A-5A45FCFF82D6}.Debug|Any CPU.Build.0 = Debug|Any CPU
		{6367D8E2-FC55-4F3D-BE0A-5A45FCFF82D6}.Release|Any CPU.ActiveCfg = Release|Any CPU
		{6367D8E2-FC55-4F3D-BE0A-5A45FCFF82D6}.Release|Any CPU.Build.0 = Release|Any CPU
		{F23F9234-3E8A-4BC4-AE0D-2FA80F7A4170}.Debug|Any CPU.ActiveCfg = Debug|Any CPU
		{F23F9234-3E8A-4BC4-AE0D-2FA80F7A4170}.Debug|Any CPU.Build.0 = Debug|Any CPU
		{F23F9234-3E8A-4BC4-AE0D-2FA80F7A4170}.Release|Any CPU.ActiveCfg = Release|Any CPU
		{F23F9234-3E8A-4BC4-AE0D-2FA80F7A4170}.Release|Any CPU.Build.0 = Release|Any CPU
		{9E146EEE-AD0A-4DD9-AB34-A953CB5BB71C}.Debug|Any CPU.ActiveCfg = Debug|Any CPU
		{9E146EEE-AD0A-4DD9-AB34-A953CB5BB71C}.Debug|Any CPU.Build.0 = Debug|Any CPU
		{9E146EEE-AD0A-4DD9-AB34-A953CB5BB71C}.Release|Any CPU.ActiveCfg = Release|Any CPU
		{9E146EEE-AD0A-4DD9-AB34-A953CB5BB71C}.Release|Any CPU.Build.0 = Release|Any CPU
		{B4E49723-AE95-4795-BC8C-585560F8540F}.Debug|Any CPU.ActiveCfg = Debug|Any CPU
		{B4E49723-AE95-4795-BC8C-585560F8540F}.Debug|Any CPU.Build.0 = Debug|Any CPU
		{B4E49723-AE95-4795-BC8C-585560F8540F}.Release|Any CPU.ActiveCfg = Release|Any CPU
		{B4E49723-AE95-4795-BC8C-585560F8540F}.Release|Any CPU.Build.0 = Release|Any CPU
		{7AFF93B1-9D96-47E1-A9C1-982A0F237062}.Debug|Any CPU.ActiveCfg = Debug|Any CPU
		{7AFF93B1-9D96-47E1-A9C1-982A0F237062}.Release|Any CPU.ActiveCfg = Release|Any CPU
	EndGlobalSection
	GlobalSection(SolutionProperties) = preSolution
		HideSolutionNode = FALSE
	EndGlobalSection
EndGlobal
